
Microsoft Visual Studio Solution File, Format Version 12.00
Project("{2150E333-8FDC-42A3-9474-1A3956D46DE8}") = "BuildingBlocks", "BuildingBlocks", "{B0606DB5-EB3D-4BD0-A75F-C4307428AB16}"
EndProject
Project("{2150E333-8FDC-42A3-9474-1A3956D46DE8}") = "AuthService", "AuthService", "{0028257A-DED8-4502-ABF6-E8309B7D54D8}"
EndProject
Project("{FAE04EC0-301F-11D3-BF4B-00C04F79EFBC}") = "BuildingBlocks", "Src\BuildingBlocks\BuildingBlocks\BuildingBlocks.csproj", "{AC1DBF03-BA41-4043-BD92-CCA41B7F673B}"
EndProject
Project("{FAE04EC0-301F-11D3-BF4B-00C04F79EFBC}") = "AuthService.Domain", "Src\Services\Auth\AuthService.Domain\AuthService.Domain.csproj", "{D1C882CD-952A-4E15-9E8F-107D4A94AE6F}"
EndProject
Project("{FAE04EC0-301F-11D3-BF4B-00C04F79EFBC}") = "AuthService.Application", "Src\Services\Auth\AuthService.Application\AuthService.Application.csproj", "{9409815B-4D58-43F8-B834-9A8930F0753E}"
EndProject
Project("{FAE04EC0-301F-11D3-BF4B-00C04F79EFBC}") = "AuthService.Infrastructure", "Src\Services\Auth\AuthService.Infrastructure\AuthService.Infrastructure.csproj", "{87E89509-603C-4583-B0A0-B2E3A87E6ECF}"
EndProject
Project("{FAE04EC0-301F-11D3-BF4B-00C04F79EFBC}") = "AuthService.Api", "Src\Services\Auth\AuthService.Api\AuthService.Api.csproj", "{10E67F79-C155-4F95-8417-F92C4F3798DF}"
EndProject
Project("{2150E333-8FDC-42A3-9474-1A3956D46DE8}") = "CatalogService", "CatalogService", "{3E521451-812C-409D-9646-633E9D2B9A65}"
EndProject
Project("{FAE04EC0-301F-11D3-BF4B-00C04F79EFBC}") = "CatalogService.Domain", "Src\Services\Catalog\CatalogService.Domain\CatalogService.Domain.csproj", "{0DE45582-2C81-42D5-AD9A-5C73B6B9AC7D}"
EndProject
Project("{FAE04EC0-301F-11D3-BF4B-00C04F79EFBC}") = "CatalogService.Application", "Src\Services\Catalog\CatalogService.Application\CatalogService.Application.csproj", "{95F44A70-1005-4D7D-B10C-B65B3E63B400}"
EndProject
Project("{FAE04EC0-301F-11D3-BF4B-00C04F79EFBC}") = "CatalogService.Infrastructure", "Src\Services\Catalog\CatalogService.Infrastructure\CatalogService.Infrastructure.csproj", "{468FD4D7-DE6D-46DE-BC6B-04355200F989}"
EndProject
Project("{2150E333-8FDC-42A3-9474-1A3956D46DE8}") = "ApiGateway", "ApiGateway", "{DFEB83D2-DC1E-4DB2-AC5A-697D62FDB0E1}"
EndProject
Project("{FAE04EC0-301F-11D3-BF4B-00C04F79EFBC}") = "CatalogService.Api", "Src\Services\Catalog\CatalogService.Api\CatalogService.Api.csproj", "{0FDCC519-D0F3-40FD-B111-68AEF0EA6FA9}"
EndProject
Project("{FAE04EC0-301F-11D3-BF4B-00C04F79EFBC}") = "ApiGateway", "Src\ApiGateway\ApiGateway\ApiGateway.csproj", "{3F33F180-3C16-48C7-A0E2-0B6EF3EAA5C5}"
EndProject
Global
	GlobalSection(SolutionConfigurationPlatforms) = preSolution
		Debug|Any CPU = Debug|Any CPU
		Release|Any CPU = Release|Any CPU
	EndGlobalSection
	GlobalSection(NestedProjects) = preSolution
		{AC1DBF03-BA41-4043-BD92-CCA41B7F673B} = {B0606DB5-EB3D-4BD0-A75F-C4307428AB16}
		{D1C882CD-952A-4E15-9E8F-107D4A94AE6F} = {0028257A-DED8-4502-ABF6-E8309B7D54D8}
		{9409815B-4D58-43F8-B834-9A8930F0753E} = {0028257A-DED8-4502-ABF6-E8309B7D54D8}
		{87E89509-603C-4583-B0A0-B2E3A87E6ECF} = {0028257A-DED8-4502-ABF6-E8309B7D54D8}
		{10E67F79-C155-4F95-8417-F92C4F3798DF} = {0028257A-DED8-4502-ABF6-E8309B7D54D8}
		{0DE45582-2C81-42D5-AD9A-5C73B6B9AC7D} = {3E521451-812C-409D-9646-633E9D2B9A65}
		{95F44A70-1005-4D7D-B10C-B65B3E63B400} = {3E521451-812C-409D-9646-633E9D2B9A65}
		{468FD4D7-DE6D-46DE-BC6B-04355200F989} = {3E521451-812C-409D-9646-633E9D2B9A65}
		{0FDCC519-D0F3-40FD-B111-68AEF0EA6FA9} = {3E521451-812C-409D-9646-633E9D2B9A65}
		{3F33F180-3C16-48C7-A0E2-0B6EF3EAA5C5} = {DFEB83D2-DC1E-4DB2-AC5A-697D62FDB0E1}
	EndGlobalSection
	GlobalSection(ProjectConfigurationPlatforms) = postSolution
		{AC1DBF03-BA41-4043-BD92-CCA41B7F673B}.Debug|Any CPU.ActiveCfg = Debug|Any CPU
		{AC1DBF03-BA41-4043-BD92-CCA41B7F673B}.Debug|Any CPU.Build.0 = Debug|Any CPU
		{AC1DBF03-BA41-4043-BD92-CCA41B7F673B}.Release|Any CPU.ActiveCfg = Release|Any CPU
		{AC1DBF03-BA41-4043-BD92-CCA41B7F673B}.Release|Any CPU.Build.0 = Release|Any CPU
		{D1C882CD-952A-4E15-9E8F-107D4A94AE6F}.Debug|Any CPU.ActiveCfg = Debug|Any CPU
		{D1C882CD-952A-4E15-9E8F-107D4A94AE6F}.Debug|Any CPU.Build.0 = Debug|Any CPU
		{D1C882CD-952A-4E15-9E8F-107D4A94AE6F}.Release|Any CPU.ActiveCfg = Release|Any CPU
		{D1C882CD-952A-4E15-9E8F-107D4A94AE6F}.Release|Any CPU.Build.0 = Release|Any CPU
		{9409815B-4D58-43F8-B834-9A8930F0753E}.Debug|Any CPU.ActiveCfg = Debug|Any CPU
		{9409815B-4D58-43F8-B834-9A8930F0753E}.Debug|Any CPU.Build.0 = Debug|Any CPU
		{9409815B-4D58-43F8-B834-9A8930F0753E}.Release|Any CPU.ActiveCfg = Release|Any CPU
		{9409815B-4D58-43F8-B834-9A8930F0753E}.Release|Any CPU.Build.0 = Release|Any CPU
		{87E89509-603C-4583-B0A0-B2E3A87E6ECF}.Debug|Any CPU.ActiveCfg = Debug|Any CPU
		{87E89509-603C-4583-B0A0-B2E3A87E6ECF}.Debug|Any CPU.Build.0 = Debug|Any CPU
		{87E89509-603C-4583-B0A0-B2E3A87E6ECF}.Release|Any CPU.ActiveCfg = Release|Any CPU
		{87E89509-603C-4583-B0A0-B2E3A87E6ECF}.Release|Any CPU.Build.0 = Release|Any CPU
		{10E67F79-C155-4F95-8417-F92C4F3798DF}.Debug|Any CPU.ActiveCfg = Debug|Any CPU
		{10E67F79-C155-4F95-8417-F92C4F3798DF}.Debug|Any CPU.Build.0 = Debug|Any CPU
		{10E67F79-C155-4F95-8417-F92C4F3798DF}.Release|Any CPU.ActiveCfg = Release|Any CPU
		{10E67F79-C155-4F95-8417-F92C4F3798DF}.Release|Any CPU.Build.0 = Release|Any CPU
		{0DE45582-2C81-42D5-AD9A-5C73B6B9AC7D}.Debug|Any CPU.ActiveCfg = Debug|Any CPU
		{0DE45582-2C81-42D5-AD9A-5C73B6B9AC7D}.Debug|Any CPU.Build.0 = Debug|Any CPU
		{0DE45582-2C81-42D5-AD9A-5C73B6B9AC7D}.Release|Any CPU.ActiveCfg = Release|Any CPU
		{0DE45582-2C81-42D5-AD9A-5C73B6B9AC7D}.Release|Any CPU.Build.0 = Release|Any CPU
		{95F44A70-1005-4D7D-B10C-B65B3E63B400}.Debug|Any CPU.ActiveCfg = Debug|Any CPU
		{95F44A70-1005-4D7D-B10C-B65B3E63B400}.Debug|Any CPU.Build.0 = Debug|Any CPU
		{95F44A70-1005-4D7D-B10C-B65B3E63B400}.Release|Any CPU.ActiveCfg = Release|Any CPU
		{95F44A70-1005-4D7D-B10C-B65B3E63B400}.Release|Any CPU.Build.0 = Release|Any CPU
		{468FD4D7-DE6D-46DE-BC6B-04355200F989}.Debug|Any CPU.ActiveCfg = Debug|Any CPU
		{468FD4D7-DE6D-46DE-BC6B-04355200F989}.Debug|Any CPU.Build.0 = Debug|Any CPU
		{468FD4D7-DE6D-46DE-BC6B-04355200F989}.Release|Any CPU.ActiveCfg = Release|Any CPU
		{468FD4D7-DE6D-46DE-BC6B-04355200F989}.Release|Any CPU.Build.0 = Release|Any CPU
		{0FDCC519-D0F3-40FD-B111-68AEF0EA6FA9}.Debug|Any CPU.ActiveCfg = Debug|Any CPU
		{0FDCC519-D0F3-40FD-B111-68AEF0EA6FA9}.Debug|Any CPU.Build.0 = Debug|Any CPU
		{0FDCC519-D0F3-40FD-B111-68AEF0EA6FA9}.Release|Any CPU.ActiveCfg = Release|Any CPU
		{0FDCC519-D0F3-40FD-B111-68AEF0EA6FA9}.Release|Any CPU.Build.0 = Release|Any CPU
		{3F33F180-3C16-48C7-A0E2-0B6EF3EAA5C5}.Debug|Any CPU.ActiveCfg = Debug|Any CPU
		{3F33F180-3C16-48C7-A0E2-0B6EF3EAA5C5}.Debug|Any CPU.Build.0 = Debug|Any CPU
		{3F33F180-3C16-48C7-A0E2-0B6EF3EAA5C5}.Release|Any CPU.ActiveCfg = Release|Any CPU
		{3F33F180-3C16-48C7-A0E2-0B6EF3EAA5C5}.Release|Any CPU.Build.0 = Release|Any CPU
	EndGlobalSection
EndGlobal
