
Microsoft Visual Studio Solution File, Format Version 12.00
Project("{2150E333-8FDC-42A3-9474-1A3956D46DE8}") = "src", "src", "{73A51029-FBD9-499F-8B94-F02FCB52549F}"
EndProject
Project("{2150E333-8FDC-42A3-9474-1A3956D46DE8}") = "tests", "tests", "{47CF8EEA-523B-4986-879B-6DBE240B1BF5}"
EndProject
Project("{2150E333-8FDC-42A3-9474-1A3956D46DE8}") = "Api", "Api", "{0CA5CFD6-036C-4AEC-B59B-FE0DF4A3D443}"
EndProject
Project("{2150E333-8FDC-42A3-9474-1A3956D46DE8}") = "Application", "Application", "{B202C66B-3EF7-4BF1-A9CE-498E01D806AA}"
EndProject
Project("{2150E333-8FDC-42A3-9474-1A3956D46DE8}") = "Domain", "Domain", "{65D1E467-EB3D-4E51-AFEA-AECBAB1E6321}"
EndProject
Project("{2150E333-8FDC-42A3-9474-1A3956D46DE8}") = "Infrastructure", "Infrastructure", "{8BD45A18-FB82-4CC4-B652-14D92AE816E1}"
EndProject
Project("{FAE04EC0-301F-11D3-BF4B-00C04F79EFBC}") = "Bcomerce.Application", "src\Bcomerce.Application\Bcomerce.Application.csproj", "{C45CEE61-FA27-42C4-B69B-9DA2A8136A0D}"
EndProject
Project("{FAE04EC0-301F-11D3-BF4B-00C04F79EFBC}") = "Bcommerce.Infrastructure", "src\Bcommerce.Infrastructure\Bcommerce.Infrastructure.csproj", "{EF47F95E-EF50-4C4F-BB57-63E2486C4EDE}"
EndProject
Project("{FAE04EC0-301F-11D3-BF4B-00C04F79EFBC}") = "Bcommerce.Api", "src\Bcommerce.Api\Bcommerce.Api.csproj", "{9C250AA7-38C6-4AD7-A384-DAFFB9975B05}"
EndProject
Project("{FAE04EC0-301F-11D3-BF4B-00C04F79EFBC}") = "Bcommerce.Domain", "src\Bcommerce.Domain\Bcommerce.Domain.csproj", "{0E9451EB-90F9-47A8-9C4A-42C4CCEF5C02}"
EndProject
Project("{2150E333-8FDC-42A3-9474-1A3956D46DE8}") = "Unit", "Unit", "{C70873F1-F6B1-4BCB-9364-05D1FFADE7F6}"
EndProject
Project("{2150E333-8FDC-42A3-9474-1A3956D46DE8}") = "Integration", "Integration", "{4817F19D-C388-481F-8414-CF78343AD262}"
EndProject
Project("{2150E333-8FDC-42A3-9474-1A3956D46DE8}") = "e2e", "e2e", "{36086DFE-9826-4F3D-8B3C-DE57F57C54A2}"
EndProject
Project("{FAE04EC0-301F-11D3-BF4B-00C04F79EFBC}") = "Bcommerce.UnitTest", "tests\Unit\Bcommerce.UnitTest\Bcommerce.UnitTest.csproj", "{BDC8D18B-7838-476D-BFC5-540C4C7798C3}"
EndProject
Global
	GlobalSection(SolutionConfigurationPlatforms) = preSolution
		Debug|Any CPU = Debug|Any CPU
		Release|Any CPU = Release|Any CPU
	EndGlobalSection
	GlobalSection(NestedProjects) = preSolution
		{0CA5CFD6-036C-4AEC-B59B-FE0DF4A3D443} = {73A51029-FBD9-499F-8B94-F02FCB52549F}
		{B202C66B-3EF7-4BF1-A9CE-498E01D806AA} = {73A51029-FBD9-499F-8B94-F02FCB52549F}
		{65D1E467-EB3D-4E51-AFEA-AECBAB1E6321} = {73A51029-FBD9-499F-8B94-F02FCB52549F}
		{8BD45A18-FB82-4CC4-B652-14D92AE816E1} = {73A51029-FBD9-499F-8B94-F02FCB52549F}
		{C45CEE61-FA27-42C4-B69B-9DA2A8136A0D} = {B202C66B-3EF7-4BF1-A9CE-498E01D806AA}
		{EF47F95E-EF50-4C4F-BB57-63E2486C4EDE} = {8BD45A18-FB82-4CC4-B652-14D92AE816E1}
		{9C250AA7-38C6-4AD7-A384-DAFFB9975B05} = {0CA5CFD6-036C-4AEC-B59B-FE0DF4A3D443}
		{0E9451EB-90F9-47A8-9C4A-42C4CCEF5C02} = {65D1E467-EB3D-4E51-AFEA-AECBAB1E6321}
		{C70873F1-F6B1-4BCB-9364-05D1FFADE7F6} = {47CF8EEA-523B-4986-879B-6DBE240B1BF5}
		{4817F19D-C388-481F-8414-CF78343AD262} = {47CF8EEA-523B-4986-879B-6DBE240B1BF5}
		{36086DFE-9826-4F3D-8B3C-DE57F57C54A2} = {47CF8EEA-523B-4986-879B-6DBE240B1BF5}
		{BDC8D18B-7838-476D-BFC5-540C4C7798C3} = {C70873F1-F6B1-4BCB-9364-05D1FFADE7F6}
	EndGlobalSection
	GlobalSection(ProjectConfigurationPlatforms) = postSolution
		{C45CEE61-FA27-42C4-B69B-9DA2A8136A0D}.Debug|Any CPU.ActiveCfg = Debug|Any CPU
		{C45CEE61-FA27-42C4-B69B-9DA2A8136A0D}.Debug|Any CPU.Build.0 = Debug|Any CPU
		{C45CEE61-FA27-42C4-B69B-9DA2A8136A0D}.Release|Any CPU.ActiveCfg = Release|Any CPU
		{C45CEE61-FA27-42C4-B69B-9DA2A8136A0D}.Release|Any CPU.Build.0 = Release|Any CPU
		{EF47F95E-EF50-4C4F-BB57-63E2486C4EDE}.Debug|Any CPU.ActiveCfg = Debug|Any CPU
		{EF47F95E-EF50-4C4F-BB57-63E2486C4EDE}.Debug|Any CPU.Build.0 = Debug|Any CPU
		{EF47F95E-EF50-4C4F-BB57-63E2486C4EDE}.Release|Any CPU.ActiveCfg = Release|Any CPU
		{EF47F95E-EF50-4C4F-BB57-63E2486C4EDE}.Release|Any CPU.Build.0 = Release|Any CPU
		{9C250AA7-38C6-4AD7-A384-DAFFB9975B05}.Debug|Any CPU.ActiveCfg = Debug|Any CPU
		{9C250AA7-38C6-4AD7-A384-DAFFB9975B05}.Debug|Any CPU.Build.0 = Debug|Any CPU
		{9C250AA7-38C6-4AD7-A384-DAFFB9975B05}.Release|Any CPU.ActiveCfg = Release|Any CPU
		{9C250AA7-38C6-4AD7-A384-DAFFB9975B05}.Release|Any CPU.Build.0 = Release|Any CPU
		{0E9451EB-90F9-47A8-9C4A-42C4CCEF5C02}.Debug|Any CPU.ActiveCfg = Debug|Any CPU
		{0E9451EB-90F9-47A8-9C4A-42C4CCEF5C02}.Debug|Any CPU.Build.0 = Debug|Any CPU
		{0E9451EB-90F9-47A8-9C4A-42C4CCEF5C02}.Release|Any CPU.ActiveCfg = Release|Any CPU
		{0E9451EB-90F9-47A8-9C4A-42C4CCEF5C02}.Release|Any CPU.Build.0 = Release|Any CPU
		{BDC8D18B-7838-476D-BFC5-540C4C7798C3}.Debug|Any CPU.ActiveCfg = Debug|Any CPU
		{BDC8D18B-7838-476D-BFC5-540C4C7798C3}.Debug|Any CPU.Build.0 = Debug|Any CPU
		{BDC8D18B-7838-476D-BFC5-540C4C7798C3}.Release|Any CPU.ActiveCfg = Release|Any CPU
		{BDC8D18B-7838-476D-BFC5-540C4C7798C3}.Release|Any CPU.Build.0 = Release|Any CPU
	EndGlobalSection
EndGlobal
